
Microsoft Visual Studio Solution File, Format Version 12.00
# Visual Studio Version 17
VisualStudioVersion = 17.14.36212.18 d17.14
MinimumVisualStudioVersion = 10.0.40219.1
Project("{FAE04EC0-301F-11D3-BF4B-00C04F79EFBC}") = "MBL", "MBL.csproj", "{49E2D35E-9723-4281-A2CF-DB2464CBDFC8}"
EndProject
Global
	GlobalSection(SolutionConfigurationPlatforms) = preSolution
		Debug|Any CPU = Debug|Any CPU
		Release|Any CPU = Release|Any CPU
	EndGlobalSection
	GlobalSection(ProjectConfigurationPlatforms) = postSolution
		{49E2D35E-9723-4281-A2CF-DB2464CBDFC8}.Debug|Any CPU.ActiveCfg = Debug|Any CPU
		{49E2D35E-9723-4281-A2CF-DB2464CBDFC8}.Debug|Any CPU.Build.0 = Debug|Any CPU
		{49E2D35E-9723-4281-A2CF-DB2464CBDFC8}.Release|Any CPU.ActiveCfg = Release|Any CPU
		{49E2D35E-9723-4281-A2CF-DB2464CBDFC8}.Release|Any CPU.Build.0 = Release|Any CPU
	EndGlobalSection
	GlobalSection(SolutionProperties) = preSolution
		HideSolutionNode = FALSE
	EndGlobalSection
	GlobalSection(ExtensibilityGlobals) = postSolution
		SolutionGuid = {4A2BD006-70C5-43D9-89AD-837F3FB50085}
	EndGlobalSection
EndGlobal
